# Generated by buf. DO NOT EDIT.
version: v2
deps:
  - name: buf.build/streamingfast/firehose
    commit: 9d6efa32daca4ea69d36b6a0bd1f2a72
    digest: b5:3086eb5291e95e37c48e90385521218d172225c3b73794145d0e1bc48a6851177c1323c98a519991e52107ab8b752ee51401cd76ccc7305a74edd915497618c6
  - name: buf.build/streamingfast/substreams
    commit: 5a635b012d704de68bfc88d8b6949dab
    digest: b5:5c4800493c9050d9da877797eabc348f078e367eda881ee0c91d62a09798adf88ba8a52a907651e508f9e91bdf70fad3a20e12beb00ed37dcc9e71654bf09cde
  - name: buf.build/streamingfast/substreams-sink-sql
    commit: 3e7ec2e9a5814a05bbe1894aef8eb5d9
    digest: b5:290d100519d50caac3388fafa6204449cce786ca44c430591a09b5f50b7b77911ffacee569d94b16ff79ee6a1447c6928027b89a2b52b09f4efda20fcb26a2a5
